{
  "name": "vue-reactivity-EyadAbdelfatah",
  "lockfileVersion": 3,
  "requires": true,
  "packages": {
    "": {
      "devDependencies": {
        "daisyui": "^5.0.0-beta.6"
      }
    },
    "node_modules/daisyui": {
      "version": "5.0.0-beta.6",
      "resolved": "https://registry.npmjs.org/daisyui/-/daisyui-5.0.0-beta.6.tgz",
      "integrity": "sha512-gwXHv6MApRBrvUayzg83vS6bfZ+y7/1VGLu0a8/cEAMviS4rXLCd4AndEdlVxhq+25wkAp0CZRkNQ7O4wIoFnQ==",
      "dev": true,
      "funding": {
        "url": "https://github.com/saadeghi/daisyui?sponsor=1"
      }
    }
  }
}
